
Microsoft Visual Studio Solution File, Format Version 12.00
# Visual Studio 2013
VisualStudioVersion = 12.0.31101.0
MinimumVisualStudioVersion = 10.0.40219.1
Project("{FAE04EC0-301F-11D3-BF4B-00C04F79EFBC}") = "Sangam_Sanya2DW", "Sangam_Sanya2DW.csproj", "{CDD809E2-AB89-4628-B09D-539ABA068E76}"
EndProject
Project("{202899A3-C531-4771-9089-0213D66978AE}") = "ScopeApplication1", "ScopeApplication1\ScopeApplication1.scopeproj", "{9D66E521-A3A4-411C-A13A-805FA05641C5}"
EndProject
Global
	GlobalSection(TeamFoundationVersionControl) = preSolution
		SccNumberOfProjects = 3
		SccEnterpriseProvider = {4CA58AB2-18FA-4F8D-95D4-32DDF27D184C}
		SccTeamFoundationServer = https://mcdi.visualstudio.com/defaultcollection
		SccLocalPath0 = .
		SccProjectUniqueName1 = Sangam_Sanya2DW.csproj
		SccLocalPath1 = .
		SccProjectUniqueName2 = ScopeApplication1\\ScopeApplication1.scopeproj
		SccProjectName2 = ScopeApplication1
		SccLocalPath2 = ScopeApplication1
	EndGlobalSection
	GlobalSection(SolutionConfigurationPlatforms) = preSolution
		Debug|Any CPU = Debug|Any CPU
		Release|Any CPU = Release|Any CPU
	EndGlobalSection
	GlobalSection(ProjectConfigurationPlatforms) = postSolution
		{CDD809E2-AB89-4628-B09D-539ABA068E76}.Debug|Any CPU.ActiveCfg = Debug|Any CPU
		{CDD809E2-AB89-4628-B09D-539ABA068E76}.Debug|Any CPU.Build.0 = Debug|Any CPU
		{CDD809E2-AB89-4628-B09D-539ABA068E76}.Release|Any CPU.ActiveCfg = Release|Any CPU
		{CDD809E2-AB89-4628-B09D-539ABA068E76}.Release|Any CPU.Build.0 = Release|Any CPU
		{9D66E521-A3A4-411C-A13A-805FA05641C5}.Debug|Any CPU.ActiveCfg = Debug|Any CPU
		{9D66E521-A3A4-411C-A13A-805FA05641C5}.Debug|Any CPU.Build.0 = Debug|Any CPU
		{9D66E521-A3A4-411C-A13A-805FA05641C5}.Release|Any CPU.ActiveCfg = Release|Any CPU
		{9D66E521-A3A4-411C-A13A-805FA05641C5}.Release|Any CPU.Build.0 = Release|Any CPU
	EndGlobalSection
	GlobalSection(SolutionProperties) = preSolution
		HideSolutionNode = FALSE
	EndGlobalSection
EndGlobal
