
Microsoft Visual Studio Solution File, Format Version 12.00
# Visual Studio 2012
Project("{159641D6-6404-4A2A-AE62-294DE0FE8301}") = "GetMSLEDDataFromDSLToMCDIBI01", "GetMSLEDDataFromDSL\GetMSLEDDataFromDSLToMCDIBI01.dtproj", "{807382F3-0267-4DD0-8854-5EF47A650D88}"
EndProject
Global
	GlobalSection(SolutionConfigurationPlatforms) = preSolution
		Development|Default = Development|Default
	EndGlobalSection
	GlobalSection(ProjectConfigurationPlatforms) = postSolution
		{807382F3-0267-4DD0-8854-5EF47A650D88}.Development|Default.ActiveCfg = Development
		{807382F3-0267-4DD0-8854-5EF47A650D88}.Development|Default.Build.0 = Development
	EndGlobalSection
	GlobalSection(SolutionProperties) = preSolution
		HideSolutionNode = FALSE
	EndGlobalSection
EndGlobal
